
Microsoft Visual Studio Solution File, Format Version 12.00
# Visual Studio Version 17
VisualStudioVersion = 17.12.35506.116
MinimumVisualStudioVersion = 10.0.40219.1
Project("{FAE04EC0-301F-11D3-BF4B-00C04F79EFBC}") = "1-AdoNetCustomerProject", "1-AdoNetCustomerProject\1-AdoNetCustomerProject.csproj", "{B43F7FCD-B848-4618-8C43-CDFEDF6133B8}"
EndProject
Project("{FAE04EC0-301F-11D3-BF4B-00C04F79EFBC}") = "2-EntityFrameworkProductManagementProject", "2-EntityFrameworkProductManagementProject\2-EntityFrameworkProductManagementProject.csproj", "{1A1BCBC2-92AF-4BEB-94CF-8822C661BC68}"
EndProject
Project("{FAE04EC0-301F-11D3-BF4B-00C04F79EFBC}") = "3-EntityFrameworkStatisticsProject", "3-EntityFrameworkStatisticsProject\3-EntityFrameworkStatisticsProject.csproj", "{3CA4827E-D312-4C10-BCD3-E4E364C2A297}"
EndProject
Global
	GlobalSection(SolutionConfigurationPlatforms) = preSolution
		Debug|Any CPU = Debug|Any CPU
		Release|Any CPU = Release|Any CPU
	EndGlobalSection
	GlobalSection(ProjectConfigurationPlatforms) = postSolution
		{B43F7FCD-B848-4618-8C43-CDFEDF6133B8}.Debug|Any CPU.ActiveCfg = Debug|Any CPU
		{B43F7FCD-B848-4618-8C43-CDFEDF6133B8}.Debug|Any CPU.Build.0 = Debug|Any CPU
		{B43F7FCD-B848-4618-8C43-CDFEDF6133B8}.Release|Any CPU.ActiveCfg = Release|Any CPU
		{B43F7FCD-B848-4618-8C43-CDFEDF6133B8}.Release|Any CPU.Build.0 = Release|Any CPU
		{1A1BCBC2-92AF-4BEB-94CF-8822C661BC68}.Debug|Any CPU.ActiveCfg = Debug|Any CPU
		{1A1BCBC2-92AF-4BEB-94CF-8822C661BC68}.Debug|Any CPU.Build.0 = Debug|Any CPU
		{1A1BCBC2-92AF-4BEB-94CF-8822C661BC68}.Release|Any CPU.ActiveCfg = Release|Any CPU
		{1A1BCBC2-92AF-4BEB-94CF-8822C661BC68}.Release|Any CPU.Build.0 = Release|Any CPU
		{3CA4827E-D312-4C10-BCD3-E4E364C2A297}.Debug|Any CPU.ActiveCfg = Debug|Any CPU
		{3CA4827E-D312-4C10-BCD3-E4E364C2A297}.Debug|Any CPU.Build.0 = Debug|Any CPU
		{3CA4827E-D312-4C10-BCD3-E4E364C2A297}.Release|Any CPU.ActiveCfg = Release|Any CPU
		{3CA4827E-D312-4C10-BCD3-E4E364C2A297}.Release|Any CPU.Build.0 = Release|Any CPU
	EndGlobalSection
	GlobalSection(SolutionProperties) = preSolution
		HideSolutionNode = FALSE
	EndGlobalSection
EndGlobal
