
Microsoft Visual Studio Solution File, Format Version 12.00
# Visual Studio Version 17
VisualStudioVersion = 17.12.35506.116
MinimumVisualStudioVersion = 10.0.40219.1
Project("{FAE04EC0-301F-11D3-BF4B-00C04F79EFBC}") = "1-AdoNetCustomerProject", "1-AdoNetCustomerProject\1-AdoNetCustomerProject.csproj", "{B43F7FCD-B848-4618-8C43-CDFEDF6133B8}"
EndProject
Project("{FAE04EC0-301F-11D3-BF4B-00C04F79EFBC}") = "2-EntityFrameworkProductManagementProject", "2-EntityFrameworkProductManagementProject\2-EntityFrameworkProductManagementProject.csproj", "{1A1BCBC2-92AF-4BEB-94CF-8822C661BC68}"
EndProject
Project("{FAE04EC0-301F-11D3-BF4B-00C04F79EFBC}") = "3-EntityFrameworkStatisticsProject", "3-EntityFrameworkStatisticsProject\3-EntityFrameworkStatisticsProject.csproj", "{3CA4827E-D312-4C10-BCD3-E4E364C2A297}"
EndProject
Project("{FAE04EC0-301F-11D3-BF4B-00C04F79EFBC}") = "4-EntityFrameworkCodeFirstMovieProject", "4-EntityFrameworkCodeFirstMovieProject\4-EntityFrameworkCodeFirstMovieProject.csproj", "{5EC14E1E-540D-4A4B-A608-5220AD16BE0B}"
EndProject
Project("{FAE04EC0-301F-11D3-BF4B-00C04F79EFBC}") = "5-DapperNorthwindProject", "5-DapperNorthwindProject\5-DapperNorthwindProject.csproj", "{A1759866-D9BC-4D0C-9593-A22A37BD7768}"
EndProject
Project("{FAE04EC0-301F-11D3-BF4B-00C04F79EFBC}") = "6-APIWeatherProject", "6-APIWeatherProject\6-APIWeatherProject.csproj", "{F5262FA2-2024-4578-A96E-4CB226D05723}"
EndProject
Project("{FAE04EC0-301F-11D3-BF4B-00C04F79EFBC}") = "7-APIWeatherConsumeProject", "7-APIWeatherConsumeProject\7-APIWeatherConsumeProject.csproj", "{0D435431-20BB-4131-8EB4-31149F1243D8}"
EndProject
Project("{FAE04EC0-301F-11D3-BF4B-00C04F79EFBC}") = "8-RapidAPICurrencyProject", "8-RapidAPICurrencyProject\8-RapidAPICurrencyProject.csproj", "{D658BD2F-4A11-4C8F-8C7D-9492E7DB9BD6}"
EndProject
Project("{FAE04EC0-301F-11D3-BF4B-00C04F79EFBC}") = "9-MongoDbOrderProject", "9-MongoDbOrderProject\9-MongoDbOrderProject.csproj", "{C63B6E98-FF75-4D3E-8535-7DB5018874B6}"
EndProject
Project("{FAE04EC0-301F-11D3-BF4B-00C04F79EFBC}") = "10-PostgreSQLToDoListProject", "10-PostgreSQLToDoListProject\10-PostgreSQLToDoListProject.csproj", "{10CEAA13-9426-4DC3-A28C-1048174C802D}"
EndProject
Project("{FAE04EC0-301F-11D3-BF4B-00C04F79EFBC}") = "11-SQLTriggerOrderProject", "11-SQLTriggerOrderProject\11-SQLTriggerOrderProject.csproj", "{FBB1438B-C87C-459D-AA10-C6FB23139079}"
EndProject
Project("{FAE04EC0-301F-11D3-BF4B-00C04F79EFBC}") = "12-JSONWebTokenProject", "12-JSONWebTokenProject\12-JSONWebTokenProject.csproj", "{E5B851BD-0D2C-48D1-9A19-2FB1B62AD46C}"
EndProject
Project("{FAE04EC0-301F-11D3-BF4B-00C04F79EFBC}") = "13-RapidAPIWeatherProject", "13-RapidAPIWeatherProject\13-RapidAPIWeatherProject.csproj", "{6A332F1E-8E5B-4221-BABC-5C664B395F67}"
EndProject
Project("{FAE04EC0-301F-11D3-BF4B-00C04F79EFBC}") = "14-SQLAllRelationsProject", "14-SQLAllRelationsProject\14-SQLAllRelationsProject.csproj", "{34B15E43-877C-483D-9C39-8B50139EF1A2}"
EndProject
Project("{FAE04EC0-301F-11D3-BF4B-00C04F79EFBC}") = "15-RapidAPIGasPriceSimulationProject", "15-RapidAPIGasPriceSimulationProject\15-RapidAPIGasPriceSimulationProject.csproj", "{57757A87-AA18-456B-8968-741F3A3CE12F}"
EndProject
Global
	GlobalSection(SolutionConfigurationPlatforms) = preSolution
		Debug|Any CPU = Debug|Any CPU
		Release|Any CPU = Release|Any CPU
	EndGlobalSection
	GlobalSection(ProjectConfigurationPlatforms) = postSolution
		{B43F7FCD-B848-4618-8C43-CDFEDF6133B8}.Debug|Any CPU.ActiveCfg = Debug|Any CPU
		{B43F7FCD-B848-4618-8C43-CDFEDF6133B8}.Debug|Any CPU.Build.0 = Debug|Any CPU
		{B43F7FCD-B848-4618-8C43-CDFEDF6133B8}.Release|Any CPU.ActiveCfg = Release|Any CPU
		{B43F7FCD-B848-4618-8C43-CDFEDF6133B8}.Release|Any CPU.Build.0 = Release|Any CPU
		{1A1BCBC2-92AF-4BEB-94CF-8822C661BC68}.Debug|Any CPU.ActiveCfg = Debug|Any CPU
		{1A1BCBC2-92AF-4BEB-94CF-8822C661BC68}.Debug|Any CPU.Build.0 = Debug|Any CPU
		{1A1BCBC2-92AF-4BEB-94CF-8822C661BC68}.Release|Any CPU.ActiveCfg = Release|Any CPU
		{1A1BCBC2-92AF-4BEB-94CF-8822C661BC68}.Release|Any CPU.Build.0 = Release|Any CPU
		{3CA4827E-D312-4C10-BCD3-E4E364C2A297}.Debug|Any CPU.ActiveCfg = Debug|Any CPU
		{3CA4827E-D312-4C10-BCD3-E4E364C2A297}.Debug|Any CPU.Build.0 = Debug|Any CPU
		{3CA4827E-D312-4C10-BCD3-E4E364C2A297}.Release|Any CPU.ActiveCfg = Release|Any CPU
		{3CA4827E-D312-4C10-BCD3-E4E364C2A297}.Release|Any CPU.Build.0 = Release|Any CPU
		{5EC14E1E-540D-4A4B-A608-5220AD16BE0B}.Debug|Any CPU.ActiveCfg = Debug|Any CPU
		{5EC14E1E-540D-4A4B-A608-5220AD16BE0B}.Debug|Any CPU.Build.0 = Debug|Any CPU
		{5EC14E1E-540D-4A4B-A608-5220AD16BE0B}.Release|Any CPU.ActiveCfg = Release|Any CPU
		{5EC14E1E-540D-4A4B-A608-5220AD16BE0B}.Release|Any CPU.Build.0 = Release|Any CPU
		{A1759866-D9BC-4D0C-9593-A22A37BD7768}.Debug|Any CPU.ActiveCfg = Debug|Any CPU
		{A1759866-D9BC-4D0C-9593-A22A37BD7768}.Debug|Any CPU.Build.0 = Debug|Any CPU
		{A1759866-D9BC-4D0C-9593-A22A37BD7768}.Release|Any CPU.ActiveCfg = Release|Any CPU
		{A1759866-D9BC-4D0C-9593-A22A37BD7768}.Release|Any CPU.Build.0 = Release|Any CPU
		{F5262FA2-2024-4578-A96E-4CB226D05723}.Debug|Any CPU.ActiveCfg = Debug|Any CPU
		{F5262FA2-2024-4578-A96E-4CB226D05723}.Debug|Any CPU.Build.0 = Debug|Any CPU
		{F5262FA2-2024-4578-A96E-4CB226D05723}.Release|Any CPU.ActiveCfg = Release|Any CPU
		{F5262FA2-2024-4578-A96E-4CB226D05723}.Release|Any CPU.Build.0 = Release|Any CPU
		{0D435431-20BB-4131-8EB4-31149F1243D8}.Debug|Any CPU.ActiveCfg = Debug|Any CPU
		{0D435431-20BB-4131-8EB4-31149F1243D8}.Debug|Any CPU.Build.0 = Debug|Any CPU
		{0D435431-20BB-4131-8EB4-31149F1243D8}.Release|Any CPU.ActiveCfg = Release|Any CPU
		{0D435431-20BB-4131-8EB4-31149F1243D8}.Release|Any CPU.Build.0 = Release|Any CPU
		{D658BD2F-4A11-4C8F-8C7D-9492E7DB9BD6}.Debug|Any CPU.ActiveCfg = Debug|Any CPU
		{D658BD2F-4A11-4C8F-8C7D-9492E7DB9BD6}.Debug|Any CPU.Build.0 = Debug|Any CPU
		{D658BD2F-4A11-4C8F-8C7D-9492E7DB9BD6}.Release|Any CPU.ActiveCfg = Release|Any CPU
		{D658BD2F-4A11-4C8F-8C7D-9492E7DB9BD6}.Release|Any CPU.Build.0 = Release|Any CPU
		{C63B6E98-FF75-4D3E-8535-7DB5018874B6}.Debug|Any CPU.ActiveCfg = Debug|Any CPU
		{C63B6E98-FF75-4D3E-8535-7DB5018874B6}.Debug|Any CPU.Build.0 = Debug|Any CPU
		{C63B6E98-FF75-4D3E-8535-7DB5018874B6}.Release|Any CPU.ActiveCfg = Release|Any CPU
		{C63B6E98-FF75-4D3E-8535-7DB5018874B6}.Release|Any CPU.Build.0 = Release|Any CPU
		{10CEAA13-9426-4DC3-A28C-1048174C802D}.Debug|Any CPU.ActiveCfg = Debug|Any CPU
		{10CEAA13-9426-4DC3-A28C-1048174C802D}.Debug|Any CPU.Build.0 = Debug|Any CPU
		{10CEAA13-9426-4DC3-A28C-1048174C802D}.Release|Any CPU.ActiveCfg = Release|Any CPU
		{10CEAA13-9426-4DC3-A28C-1048174C802D}.Release|Any CPU.Build.0 = Release|Any CPU
		{FBB1438B-C87C-459D-AA10-C6FB23139079}.Debug|Any CPU.ActiveCfg = Debug|Any CPU
		{FBB1438B-C87C-459D-AA10-C6FB23139079}.Debug|Any CPU.Build.0 = Debug|Any CPU
		{FBB1438B-C87C-459D-AA10-C6FB23139079}.Release|Any CPU.ActiveCfg = Release|Any CPU
		{FBB1438B-C87C-459D-AA10-C6FB23139079}.Release|Any CPU.Build.0 = Release|Any CPU
		{E5B851BD-0D2C-48D1-9A19-2FB1B62AD46C}.Debug|Any CPU.ActiveCfg = Debug|Any CPU
		{E5B851BD-0D2C-48D1-9A19-2FB1B62AD46C}.Debug|Any CPU.Build.0 = Debug|Any CPU
		{E5B851BD-0D2C-48D1-9A19-2FB1B62AD46C}.Release|Any CPU.ActiveCfg = Release|Any CPU
		{E5B851BD-0D2C-48D1-9A19-2FB1B62AD46C}.Release|Any CPU.Build.0 = Release|Any CPU
		{6A332F1E-8E5B-4221-BABC-5C664B395F67}.Debug|Any CPU.ActiveCfg = Debug|Any CPU
		{6A332F1E-8E5B-4221-BABC-5C664B395F67}.Debug|Any CPU.Build.0 = Debug|Any CPU
		{6A332F1E-8E5B-4221-BABC-5C664B395F67}.Release|Any CPU.ActiveCfg = Release|Any CPU
		{6A332F1E-8E5B-4221-BABC-5C664B395F67}.Release|Any CPU.Build.0 = Release|Any CPU
		{34B15E43-877C-483D-9C39-8B50139EF1A2}.Debug|Any CPU.ActiveCfg = Debug|Any CPU
		{34B15E43-877C-483D-9C39-8B50139EF1A2}.Debug|Any CPU.Build.0 = Debug|Any CPU
		{34B15E43-877C-483D-9C39-8B50139EF1A2}.Release|Any CPU.ActiveCfg = Release|Any CPU
		{34B15E43-877C-483D-9C39-8B50139EF1A2}.Release|Any CPU.Build.0 = Release|Any CPU
		{57757A87-AA18-456B-8968-741F3A3CE12F}.Debug|Any CPU.ActiveCfg = Debug|Any CPU
		{57757A87-AA18-456B-8968-741F3A3CE12F}.Debug|Any CPU.Build.0 = Debug|Any CPU
		{57757A87-AA18-456B-8968-741F3A3CE12F}.Release|Any CPU.ActiveCfg = Release|Any CPU
		{57757A87-AA18-456B-8968-741F3A3CE12F}.Release|Any CPU.Build.0 = Release|Any CPU
	EndGlobalSection
	GlobalSection(SolutionProperties) = preSolution
		HideSolutionNode = FALSE
	EndGlobalSection
EndGlobal
